
Microsoft Visual Studio Solution File, Format Version 12.00
# Visual Studio 15
VisualStudioVersion = 15.0.25807.0
MinimumVisualStudioVersion = 10.0.40219.1
Project("{2150E333-8FDC-42A3-9474-1A3956D46DE8}") = "Engine", "Engine", "{FCE7E09D-9C61-4839-B7F0-31F4A1A4D6E4}"
EndProject
Project("{2150E333-8FDC-42A3-9474-1A3956D46DE8}") = "Enterprise", "Enterprise", "{8AA8ECEA-4EE0-4F02-BE1C-8C6FA31EE7EC}"
EndProject
Project("{2150E333-8FDC-42A3-9474-1A3956D46DE8}") = "Games", "Games", "{DA181DCF-5DBE-4783-8955-5608440BE632}"
EndProject
Project("{8BC9CEB8-8B4A-11D0-8D11-00A0C91BC942}") = "UE4", "Intermediate\ProjectFiles\UE4.vcxproj", "{4FFFA1B8-1841-4DCD-9318-5FA494D54249}"
EndProject
Project("{8BC9CEB8-8B4A-11D0-8D11-00A0C91BC942}") = "Studio", "Intermediate\ProjectFiles\Studio.vcxproj", "{EB6D30F1-E2FA-433D-88E7-1D1E08D828C9}"
EndProject
Project("{8BC9CEB8-8B4A-11D0-8D11-00A0C91BC942}") = "EnjoyYourStay", "Intermediate\ProjectFiles\EnjoyYourStay.vcxproj", "{B73C1915-31E2-41F3-90C2-22CC4045C623}"
EndProject
Global
	GlobalSection(SolutionConfigurationPlatforms) = preSolution
		DebugGame Editor|HTML5 = DebugGame Editor|HTML5
		DebugGame Editor|Win32 = DebugGame Editor|Win32
		DebugGame Editor|Win64 = DebugGame Editor|Win64
		DebugGame|HTML5 = DebugGame|HTML5
		DebugGame|Win32 = DebugGame|Win32
		DebugGame|Win64 = DebugGame|Win64
		Development Editor|HTML5 = Development Editor|HTML5
		Development Editor|Win32 = Development Editor|Win32
		Development Editor|Win64 = Development Editor|Win64
		Development|HTML5 = Development|HTML5
		Development|Win32 = Development|Win32
		Development|Win64 = Development|Win64
		Shipping|HTML5 = Shipping|HTML5
		Shipping|Win32 = Shipping|Win32
		Shipping|Win64 = Shipping|Win64
	EndGlobalSection
	GlobalSection(ProjectConfigurationPlatforms) = postSolution
		{4FFFA1B8-1841-4DCD-9318-5FA494D54249}.DebugGame Editor|HTML5.ActiveCfg = BuiltWithUnrealBuildTool|Win32
		{4FFFA1B8-1841-4DCD-9318-5FA494D54249}.DebugGame Editor|HTML5.Build.0 = BuiltWithUnrealBuildTool|Win32
		{4FFFA1B8-1841-4DCD-9318-5FA494D54249}.DebugGame Editor|Win32.ActiveCfg = BuiltWithUnrealBuildTool|Win32
		{4FFFA1B8-1841-4DCD-9318-5FA494D54249}.DebugGame Editor|Win32.Build.0 = BuiltWithUnrealBuildTool|Win32
		{4FFFA1B8-1841-4DCD-9318-5FA494D54249}.DebugGame Editor|Win64.ActiveCfg = BuiltWithUnrealBuildTool|Win32
		{4FFFA1B8-1841-4DCD-9318-5FA494D54249}.DebugGame Editor|Win64.Build.0 = BuiltWithUnrealBuildTool|Win32
		{4FFFA1B8-1841-4DCD-9318-5FA494D54249}.DebugGame|HTML5.ActiveCfg = BuiltWithUnrealBuildTool|Win32
		{4FFFA1B8-1841-4DCD-9318-5FA494D54249}.DebugGame|HTML5.Build.0 = BuiltWithUnrealBuildTool|Win32
		{4FFFA1B8-1841-4DCD-9318-5FA494D54249}.DebugGame|Win32.ActiveCfg = BuiltWithUnrealBuildTool|Win32
		{4FFFA1B8-1841-4DCD-9318-5FA494D54249}.DebugGame|Win32.Build.0 = BuiltWithUnrealBuildTool|Win32
		{4FFFA1B8-1841-4DCD-9318-5FA494D54249}.DebugGame|Win64.ActiveCfg = BuiltWithUnrealBuildTool|Win32
		{4FFFA1B8-1841-4DCD-9318-5FA494D54249}.DebugGame|Win64.Build.0 = BuiltWithUnrealBuildTool|Win32
		{4FFFA1B8-1841-4DCD-9318-5FA494D54249}.Development Editor|HTML5.ActiveCfg = BuiltWithUnrealBuildTool|Win32
		{4FFFA1B8-1841-4DCD-9318-5FA494D54249}.Development Editor|HTML5.Build.0 = BuiltWithUnrealBuildTool|Win32
		{4FFFA1B8-1841-4DCD-9318-5FA494D54249}.Development Editor|Win32.ActiveCfg = BuiltWithUnrealBuildTool|Win32
		{4FFFA1B8-1841-4DCD-9318-5FA494D54249}.Development Editor|Win32.Build.0 = BuiltWithUnrealBuildTool|Win32
		{4FFFA1B8-1841-4DCD-9318-5FA494D54249}.Development Editor|Win64.ActiveCfg = BuiltWithUnrealBuildTool|Win32
		{4FFFA1B8-1841-4DCD-9318-5FA494D54249}.Development Editor|Win64.Build.0 = BuiltWithUnrealBuildTool|Win32
		{4FFFA1B8-1841-4DCD-9318-5FA494D54249}.Development|HTML5.ActiveCfg = BuiltWithUnrealBuildTool|Win32
		{4FFFA1B8-1841-4DCD-9318-5FA494D54249}.Development|HTML5.Build.0 = BuiltWithUnrealBuildTool|Win32
		{4FFFA1B8-1841-4DCD-9318-5FA494D54249}.Development|Win32.ActiveCfg = BuiltWithUnrealBuildTool|Win32
		{4FFFA1B8-1841-4DCD-9318-5FA494D54249}.Development|Win32.Build.0 = BuiltWithUnrealBuildTool|Win32
		{4FFFA1B8-1841-4DCD-9318-5FA494D54249}.Development|Win64.ActiveCfg = BuiltWithUnrealBuildTool|Win32
		{4FFFA1B8-1841-4DCD-9318-5FA494D54249}.Development|Win64.Build.0 = BuiltWithUnrealBuildTool|Win32
		{4FFFA1B8-1841-4DCD-9318-5FA494D54249}.Shipping|HTML5.ActiveCfg = BuiltWithUnrealBuildTool|Win32
		{4FFFA1B8-1841-4DCD-9318-5FA494D54249}.Shipping|HTML5.Build.0 = BuiltWithUnrealBuildTool|Win32
		{4FFFA1B8-1841-4DCD-9318-5FA494D54249}.Shipping|Win32.ActiveCfg = BuiltWithUnrealBuildTool|Win32
		{4FFFA1B8-1841-4DCD-9318-5FA494D54249}.Shipping|Win32.Build.0 = BuiltWithUnrealBuildTool|Win32
		{4FFFA1B8-1841-4DCD-9318-5FA494D54249}.Shipping|Win64.ActiveCfg = BuiltWithUnrealBuildTool|Win32
		{4FFFA1B8-1841-4DCD-9318-5FA494D54249}.Shipping|Win64.Build.0 = BuiltWithUnrealBuildTool|Win32
		{EB6D30F1-E2FA-433D-88E7-1D1E08D828C9}.DebugGame Editor|HTML5.ActiveCfg = BuiltWithUnrealBuildTool|Win32
		{EB6D30F1-E2FA-433D-88E7-1D1E08D828C9}.DebugGame Editor|HTML5.Build.0 = BuiltWithUnrealBuildTool|Win32
		{EB6D30F1-E2FA-433D-88E7-1D1E08D828C9}.DebugGame Editor|Win32.ActiveCfg = BuiltWithUnrealBuildTool|Win32
		{EB6D30F1-E2FA-433D-88E7-1D1E08D828C9}.DebugGame Editor|Win32.Build.0 = BuiltWithUnrealBuildTool|Win32
		{EB6D30F1-E2FA-433D-88E7-1D1E08D828C9}.DebugGame Editor|Win64.ActiveCfg = BuiltWithUnrealBuildTool|Win32
		{EB6D30F1-E2FA-433D-88E7-1D1E08D828C9}.DebugGame Editor|Win64.Build.0 = BuiltWithUnrealBuildTool|Win32
		{EB6D30F1-E2FA-433D-88E7-1D1E08D828C9}.DebugGame|HTML5.ActiveCfg = BuiltWithUnrealBuildTool|Win32
		{EB6D30F1-E2FA-433D-88E7-1D1E08D828C9}.DebugGame|HTML5.Build.0 = BuiltWithUnrealBuildTool|Win32
		{EB6D30F1-E2FA-433D-88E7-1D1E08D828C9}.DebugGame|Win32.ActiveCfg = BuiltWithUnrealBuildTool|Win32
		{EB6D30F1-E2FA-433D-88E7-1D1E08D828C9}.DebugGame|Win32.Build.0 = BuiltWithUnrealBuildTool|Win32
		{EB6D30F1-E2FA-433D-88E7-1D1E08D828C9}.DebugGame|Win64.ActiveCfg = BuiltWithUnrealBuildTool|Win32
		{EB6D30F1-E2FA-433D-88E7-1D1E08D828C9}.DebugGame|Win64.Build.0 = BuiltWithUnrealBuildTool|Win32
		{EB6D30F1-E2FA-433D-88E7-1D1E08D828C9}.Development Editor|HTML5.ActiveCfg = BuiltWithUnrealBuildTool|Win32
		{EB6D30F1-E2FA-433D-88E7-1D1E08D828C9}.Development Editor|HTML5.Build.0 = BuiltWithUnrealBuildTool|Win32
		{EB6D30F1-E2FA-433D-88E7-1D1E08D828C9}.Development Editor|Win32.ActiveCfg = BuiltWithUnrealBuildTool|Win32
		{EB6D30F1-E2FA-433D-88E7-1D1E08D828C9}.Development Editor|Win32.Build.0 = BuiltWithUnrealBuildTool|Win32
		{EB6D30F1-E2FA-433D-88E7-1D1E08D828C9}.Development Editor|Win64.ActiveCfg = BuiltWithUnrealBuildTool|Win32
		{EB6D30F1-E2FA-433D-88E7-1D1E08D828C9}.Development Editor|Win64.Build.0 = BuiltWithUnrealBuildTool|Win32
		{EB6D30F1-E2FA-433D-88E7-1D1E08D828C9}.Development|HTML5.ActiveCfg = BuiltWithUnrealBuildTool|Win32
		{EB6D30F1-E2FA-433D-88E7-1D1E08D828C9}.Development|HTML5.Build.0 = BuiltWithUnrealBuildTool|Win32
		{EB6D30F1-E2FA-433D-88E7-1D1E08D828C9}.Development|Win32.ActiveCfg = BuiltWithUnrealBuildTool|Win32
		{EB6D30F1-E2FA-433D-88E7-1D1E08D828C9}.Development|Win32.Build.0 = BuiltWithUnrealBuildTool|Win32
		{EB6D30F1-E2FA-433D-88E7-1D1E08D828C9}.Development|Win64.ActiveCfg = BuiltWithUnrealBuildTool|Win32
		{EB6D30F1-E2FA-433D-88E7-1D1E08D828C9}.Development|Win64.Build.0 = BuiltWithUnrealBuildTool|Win32
		{EB6D30F1-E2FA-433D-88E7-1D1E08D828C9}.Shipping|HTML5.ActiveCfg = BuiltWithUnrealBuildTool|Win32
		{EB6D30F1-E2FA-433D-88E7-1D1E08D828C9}.Shipping|HTML5.Build.0 = BuiltWithUnrealBuildTool|Win32
		{EB6D30F1-E2FA-433D-88E7-1D1E08D828C9}.Shipping|Win32.ActiveCfg = BuiltWithUnrealBuildTool|Win32
		{EB6D30F1-E2FA-433D-88E7-1D1E08D828C9}.Shipping|Win32.Build.0 = BuiltWithUnrealBuildTool|Win32
		{EB6D30F1-E2FA-433D-88E7-1D1E08D828C9}.Shipping|Win64.ActiveCfg = BuiltWithUnrealBuildTool|Win32
		{EB6D30F1-E2FA-433D-88E7-1D1E08D828C9}.Shipping|Win64.Build.0 = BuiltWithUnrealBuildTool|Win32
		{B73C1915-31E2-41F3-90C2-22CC4045C623}.DebugGame Editor|HTML5.ActiveCfg = HTML5_DebugGame_Editor|Win32
		{B73C1915-31E2-41F3-90C2-22CC4045C623}.DebugGame Editor|Win32.ActiveCfg = DebugGame_Editor|Win32
		{B73C1915-31E2-41F3-90C2-22CC4045C623}.DebugGame Editor|Win64.ActiveCfg = DebugGame_Editor|x64
		{B73C1915-31E2-41F3-90C2-22CC4045C623}.DebugGame Editor|Win64.Build.0 = DebugGame_Editor|x64
		{B73C1915-31E2-41F3-90C2-22CC4045C623}.DebugGame|HTML5.ActiveCfg = HTML5_DebugGame_Game|Win32
		{B73C1915-31E2-41F3-90C2-22CC4045C623}.DebugGame|HTML5.Build.0 = HTML5_DebugGame_Game|Win32
		{B73C1915-31E2-41F3-90C2-22CC4045C623}.DebugGame|Win32.ActiveCfg = DebugGame_Game|Win32
		{B73C1915-31E2-41F3-90C2-22CC4045C623}.DebugGame|Win32.Build.0 = DebugGame_Game|Win32
		{B73C1915-31E2-41F3-90C2-22CC4045C623}.DebugGame|Win64.ActiveCfg = DebugGame_Game|x64
		{B73C1915-31E2-41F3-90C2-22CC4045C623}.DebugGame|Win64.Build.0 = DebugGame_Game|x64
		{B73C1915-31E2-41F3-90C2-22CC4045C623}.Development Editor|HTML5.ActiveCfg = HTML5_Development_Editor|Win32
		{B73C1915-31E2-41F3-90C2-22CC4045C623}.Development Editor|Win32.ActiveCfg = Development_Editor|Win32
		{B73C1915-31E2-41F3-90C2-22CC4045C623}.Development Editor|Win64.ActiveCfg = Development_Editor|x64
		{B73C1915-31E2-41F3-90C2-22CC4045C623}.Development Editor|Win64.Build.0 = Development_Editor|x64
		{B73C1915-31E2-41F3-90C2-22CC4045C623}.Development|HTML5.ActiveCfg = HTML5_Development_Game|Win32
		{B73C1915-31E2-41F3-90C2-22CC4045C623}.Development|HTML5.Build.0 = HTML5_Development_Game|Win32
		{B73C1915-31E2-41F3-90C2-22CC4045C623}.Development|Win32.ActiveCfg = Development_Game|Win32
		{B73C1915-31E2-41F3-90C2-22CC4045C623}.Development|Win32.Build.0 = Development_Game|Win32
		{B73C1915-31E2-41F3-90C2-22CC4045C623}.Development|Win64.ActiveCfg = Development_Game|x64
		{B73C1915-31E2-41F3-90C2-22CC4045C623}.Development|Win64.Build.0 = Development_Game|x64
		{B73C1915-31E2-41F3-90C2-22CC4045C623}.Shipping|HTML5.ActiveCfg = HTML5_Shipping_Game|Win32
		{B73C1915-31E2-41F3-90C2-22CC4045C623}.Shipping|HTML5.Build.0 = HTML5_Shipping_Game|Win32
		{B73C1915-31E2-41F3-90C2-22CC4045C623}.Shipping|Win32.ActiveCfg = Shipping_Game|Win32
		{B73C1915-31E2-41F3-90C2-22CC4045C623}.Shipping|Win32.Build.0 = Shipping_Game|Win32
		{B73C1915-31E2-41F3-90C2-22CC4045C623}.Shipping|Win64.ActiveCfg = Shipping_Game|x64
		{B73C1915-31E2-41F3-90C2-22CC4045C623}.Shipping|Win64.Build.0 = Shipping_Game|x64
	EndGlobalSection
	GlobalSection(SolutionProperties) = preSolution
		HideSolutionNode = FALSE
	EndGlobalSection
	GlobalSection(NestedProjects) = preSolution
		{4FFFA1B8-1841-4DCD-9318-5FA494D54249} = {FCE7E09D-9C61-4839-B7F0-31F4A1A4D6E4}
		{EB6D30F1-E2FA-433D-88E7-1D1E08D828C9} = {8AA8ECEA-4EE0-4F02-BE1C-8C6FA31EE7EC}
		{B73C1915-31E2-41F3-90C2-22CC4045C623} = {DA181DCF-5DBE-4783-8955-5608440BE632}
	EndGlobalSection
	GlobalSection(ExtensibilityGlobals) = postSolution
		SolutionGuid = {8A035735-D310-4BD4-833D-FF2454CC09CC}
	EndGlobalSection
EndGlobal
